
Microsoft Visual Studio Solution File, Format Version 12.00
# Visual Studio 2012
Project("{FAE04EC0-301F-11D3-BF4B-00C04F79EFBC}") = "DirtySearch", "DirtySearch\DirtySearch.csproj", "{737E7098-344E-4967-9A7F-704F915C7370}"
EndProject
Global
	GlobalSection(SolutionConfigurationPlatforms) = preSolution
		Debug|Any CPU = Debug|Any CPU
		Release|Any CPU = Release|Any CPU
	EndGlobalSection
	GlobalSection(ProjectConfigurationPlatforms) = postSolution
		{737E7098-344E-4967-9A7F-704F915C7370}.Debug|Any CPU.ActiveCfg = Debug|Any CPU
		{737E7098-344E-4967-9A7F-704F915C7370}.Debug|Any CPU.Build.0 = Debug|Any CPU
		{737E7098-344E-4967-9A7F-704F915C7370}.Release|Any CPU.ActiveCfg = Release|Any CPU
		{737E7098-344E-4967-9A7F-704F915C7370}.Release|Any CPU.Build.0 = Release|Any CPU
	EndGlobalSection
	GlobalSection(SolutionProperties) = preSolution
		HideSolutionNode = FALSE
	EndGlobalSection
EndGlobal
