
Microsoft Visual Studio Solution File, Format Version 12.00
# Visual Studio 2012
Project("{FAE04EC0-301F-11D3-BF4B-00C04F79EFBC}") = "IsenbaevNumber", "IsenbaevNumber\IsenbaevNumber.csproj", "{C480416F-F8ED-48D7-9FA0-0D06243F2D61}"
EndProject
Global
	GlobalSection(SolutionConfigurationPlatforms) = preSolution
		Debug|Any CPU = Debug|Any CPU
		Release|Any CPU = Release|Any CPU
	EndGlobalSection
	GlobalSection(ProjectConfigurationPlatforms) = postSolution
		{C480416F-F8ED-48D7-9FA0-0D06243F2D61}.Debug|Any CPU.ActiveCfg = Debug|Any CPU
		{C480416F-F8ED-48D7-9FA0-0D06243F2D61}.Debug|Any CPU.Build.0 = Debug|Any CPU
		{C480416F-F8ED-48D7-9FA0-0D06243F2D61}.Release|Any CPU.ActiveCfg = Release|Any CPU
		{C480416F-F8ED-48D7-9FA0-0D06243F2D61}.Release|Any CPU.Build.0 = Release|Any CPU
	EndGlobalSection
	GlobalSection(SolutionProperties) = preSolution
		HideSolutionNode = FALSE
	EndGlobalSection
EndGlobal
